
Microsoft Visual Studio Solution File, Format Version 12.00
# Visual Studio 15
VisualStudioVersion = 15.0.27703.2042
MinimumVisualStudioVersion = 10.0.40219.1
Project("{9A19103F-16F7-4668-BE54-9A1E7A4F7556}") = "Rosvita.SampleDevice", "Rosvita.SampleDevice\Rosvita.SampleDevice.csproj", "{F69F03F2-C307-42CD-8330-68EB4F08ACBB}"
EndProject
Global
	GlobalSection(SolutionConfigurationPlatforms) = preSolution
		Debug|Any CPU = Debug|Any CPU
		Release|Any CPU = Release|Any CPU
	EndGlobalSection
	GlobalSection(ProjectConfigurationPlatforms) = postSolution
		{F69F03F2-C307-42CD-8330-68EB4F08ACBB}.Debug|Any CPU.ActiveCfg = Debug|Any CPU
		{F69F03F2-C307-42CD-8330-68EB4F08ACBB}.Debug|Any CPU.Build.0 = Debug|Any CPU
		{F69F03F2-C307-42CD-8330-68EB4F08ACBB}.Release|Any CPU.ActiveCfg = Release|Any CPU
		{F69F03F2-C307-42CD-8330-68EB4F08ACBB}.Release|Any CPU.Build.0 = Release|Any CPU
	EndGlobalSection
	GlobalSection(SolutionProperties) = preSolution
		HideSolutionNode = FALSE
	EndGlobalSection
	GlobalSection(ExtensibilityGlobals) = postSolution
		SolutionGuid = {2CC63450-CC40-4650-931D-CAD411AAB817}
	EndGlobalSection
EndGlobal
